// !$*UTF8*$!
{
	archiveVersion = 1;
	classes = {
	};
	objectVersion = 55;
	objects = {

/* Begin PBXBuildFile section */
		11D4296528B98EE600980BF1 /* AppDelegate.swift in Sources */ = {isa = PBXBuildFile; fileRef = 11D4296428B98EE600980BF1 /* AppDelegate.swift */; };
		11D4296728B98EE600980BF1 /* SceneDelegate.swift in Sources */ = {isa = PBXBuildFile; fileRef = 11D4296628B98EE600980BF1 /* SceneDelegate.swift */; };
		11D4296928B98EE600980BF1 /* ViewController.swift in Sources */ = {isa = PBXBuildFile; fileRef = 11D4296828B98EE600980BF1 /* ViewController.swift */; };
		11D4296C28B98EE600980BF1 /* Main.storyboard in Resources */ = {isa = PBXBuildFile; fileRef = 11D4296A28B98EE600980BF1 /* Main.storyboard */; };
		11D4296E28B98EEA00980BF1 /* Assets.xcassets in Resources */ = {isa = PBXBuildFile; fileRef = 11D4296D28B98EEA00980BF1 /* Assets.xcassets */; };
		11D4297128B98EEA00980BF1 /* LaunchScreen.storyboard in Resources */ = {isa = PBXBuildFile; fileRef = 11D4296F28B98EEA00980BF1 /* LaunchScreen.storyboard */; };
		11D4297C28B98EEA00980BF1 /* Prework2Tests.swift in Sources */ = {isa = PBXBuildFile; fileRef = 11D4297B28B98EEA00980BF1 /* Prework2Tests.swift */; };
		11D4298628B98EEA00980BF1 /* Prework2UITests.swift in Sources */ = {isa = PBXBuildFile; fileRef = 11D4298528B98EEA00980BF1 /* Prework2UITests.swift */; };
		11D4298828B98EEA00980BF1 /* Prework2UITestsLaunchTests.swift in Sources */ = {isa = PBXBuildFile; fileRef = 11D4298728B98EEA00980BF1 /* Prework2UITestsLaunchTests.swift */; };
/* End PBXBuildFile section */

/* Begin PBXContainerItemProxy section */
		11D4297828B98EEA00980BF1 /* PBXContainerItemProxy */ = {
			isa = PBXContainerItemProxy;
			containerPortal = 11D4295928B98EE600980BF1 /* Project object */;
			proxyType = 1;
			remoteGlobalIDString = 11D4296028B98EE600980BF1;
			remoteInfo = Prework2;
		};
		11D4298228B98EEA00980BF1 /* PBXContainerItemProxy */ = {
			isa = PBXContainerItemProxy;
			containerPortal = 11D4295928B98EE600980BF1 /* Project object */;
			proxyType = 1;
			remoteGlobalIDString = 11D4296028B98EE600980BF1;
			remoteInfo = Prework2;
		};
/* End PBXContainerItemProxy section */

/* Begin PBXFileReference section */
		11D4296128B98EE600980BF1 /* Prework2.app */ = {isa = PBXFileReference; explicitFileType = wrapper.application; includeInIndex = 0; path = Prework2.app; sourceTree = BUILT_PRODUCTS_DIR; };
		11D4296428B98EE600980BF1 /* AppDelegate.swift */ = {isa = PBXFileReference; lastKnownFileType = sourcecode.swift; path = AppDelegate.swift; sourceTree = "<group>"; };
		11D4296628B98EE600980BF1 /* SceneDelegate.swift */ = {isa = PBXFileReference; lastKnownFileType = sourcecode.swift; path = SceneDelegate.swift; sourceTree = "<group>"; };
		11D4296828B98EE600980BF1 /* ViewController.swift */ = {isa = PBXFileReference; lastKnownFileType = sourcecode.swift; path = ViewController.swift; sourceTree = "<group>"; };
		11D4296B28B98EE600980BF1 /* Base */ = {isa = PBXFileReference; lastKnownFileType = file.storyboard; name = Base; path = Base.lproj/Main.storyboard; sourceTree = "<group>"; };
		11D4296D28B98EEA00980BF1 /* Assets.xcassets */ = {isa = PBXFileReference; lastKnownFileType = folder.assetcatalog; path = Assets.xcassets; sourceTree = "<group>"; };
		11D4297028B98EEA00980BF1 /* Base */ = {isa = PBXFileReference; lastKnownFileType = file.storyboard; name = Base; path = Base.lproj/LaunchScreen.storyboard; sourceTree = "<group>"; };
		11D4297228B98EEA00980BF1 /* Info.plist */ = {isa = PBXFileReference; lastKnownFileType = text.plist.xml; path = Info.plist; sourceTree = "<group>"; };
		11D4297728B98EEA00980BF1 /* Prework2Tests.xctest */ = {isa = PBXFileReference; explicitFileType = wrapper.cfbundle; includeInIndex = 0; path = Prework2Tests.xctest; sourceTree = BUILT_PRODUCTS_DIR; };
		11D4297B28B98EEA00980BF1 /* Prework2Tests.swift */ = {isa = PBXFileReference; lastKnownFileType = sourcecode.swift; path = Prework2Tests.swift; sourceTree = "<group>"; };
		11D4298128B98EEA00980BF1 /* Prework2UITests.xctest */ = {isa = PBXFileReference; explicitFileType = wrapper.cfbundle; includeInIndex = 0; path = Prework2UITests.xctest; sourceTree = BUILT_PRODUCTS_DIR; };
		11D4298528B98EEA00980BF1 /* Prework2UITests.swift */ = {isa = PBXFileReference; lastKnownFileType = sourcecode.swift; path = Prework2UITests.swift; sourceTree = "<group>"; };
		11D4298728B98EEA00980BF1 /* Prework2UITestsLaunchTests.swift */ = {isa = PBXFileReference; lastKnownFileType = sourcecode.swift; path = Prework2UITestsLaunchTests.swift; sourceTree = "<group>"; };
/* End PBXFileReference section */

/* Begin PBXFrameworksBuildPhase section */
		11D4295E28B98EE600980BF1 /* Frameworks */ = {
			isa = PBXFrameworksBuildPhase;
			buildActionMask = 2147483647;
			files = (
			);
			runOnlyForDeploymentPostprocessing = 0;
		};
		11D4297428B98EEA00980BF1 /* Frameworks */ = {
			isa = PBXFrameworksBuildPhase;
			buildActionMask = 2147483647;
			files = (
			);
			runOnlyForDeploymentPostprocessing = 0;
		};
		11D4297E28B98EEA00980BF1 /* Frameworks */ = {
			isa = PBXFrameworksBuildPhase;
			buildActionMask = 2147483647;
			files = (
			);
			runOnlyForDeploymentPostprocessing = 0;
		};
/* End PBXFrameworksBuildPhase section */

/* Begin PBXGroup section */
		11D4295828B98EE600980BF1 = {
			isa = PBXGroup;
			children = (
				11D4296328B98EE600980BF1 /* Prework2 */,
				11D4297A28B98EEA00980BF1 /* Prework2Tests */,
				11D4298428B98EEA00980BF1 /* Prework2UITests */,
				11D4296228B98EE600980BF1 /* Products */,
			);
			sourceTree = "<group>";
		};
		11D4296228B98EE600980BF1 /* Products */ = {
			isa = PBXGroup;
			children = (
				11D4296128B98EE600980BF1 /* Prework2.app */,
				11D4297728B98EEA00980BF1 /* Prework2Tests.xctest */,
				11D4298128B98EEA00980BF1 /* Prework2UITests.xctest */,
			);
			name = Products;
			sourceTree = "<group>";
		};
		11D4296328B98EE600980BF1 /* Prework2 */ = {
			isa = PBXGroup;
			children = (
				11D4296428B98EE600980BF1 /* AppDelegate.swift */,
				11D4296628B98EE600980BF1 /* SceneDelegate.swift */,
				11D4296828B98EE600980BF1 /* ViewController.swift */,
				11D4296A28B98EE600980BF1 /* Main.storyboard */,
				11D4296D28B98EEA00980BF1 /* Assets.xcassets */,
				11D4296F28B98EEA00980BF1 /* LaunchScreen.storyboard */,
				11D4297228B98EEA00980BF1 /* Info.plist */,
			);
			path = Prework2;
			sourceTree = "<group>";
		};
		11D4297A28B98EEA00980BF1 /* Prework2Tests */ = {
			isa = PBXGroup;
			children = (
				11D4297B28B98EEA00980BF1 /* Prework2Tests.swift */,
			);
			path = Prework2Tests;
			sourceTree = "<group>";
		};
		11D4298428B98EEA00980BF1 /* Prework2UITests */ = {
			isa = PBXGroup;
			children = (
				11D4298528B98EEA00980BF1 /* Prework2UITests.swift */,
				11D4298728B98EEA00980BF1 /* Prework2UITestsLaunchTests.swift */,
			);
			path = Prework2UITests;
			sourceTree = "<group>";
		};
/* End PBXGroup section */

/* Begin PBXNativeTarget section */
		11D4296028B98EE600980BF1 /* Prework2 */ = {
			isa = PBXNativeTarget;
			buildConfigurationList = 11D4298B28B98EEA00980BF1 /* Build configuration list for PBXNativeTarget "Prework2" */;
			buildPhases = (
				11D4295D28B98EE600980BF1 /* Sources */,
				11D4295E28B98EE600980BF1 /* Frameworks */,
				11D4295F28B98EE600980BF1 /* Resources */,
			);
			buildRules = (
			);
			dependencies = (
			);
			name = Prework2;
			productName = Prework2;
			productReference = 11D4296128B98EE600980BF1 /* Prework2.app */;
			productType = "com.apple.product-type.application";
		};
		11D4297628B98EEA00980BF1 /* Prework2Tests */ = {
			isa = PBXNativeTarget;
			buildConfigurationList = 11D4298E28B98EEA00980BF1 /* Build configuration list for PBXNativeTarget "Prework2Tests" */;
			buildPhases = (
				11D4297328B98EEA00980BF1 /* Sources */,
				11D4297428B98EEA00980BF1 /* Frameworks */,
				11D4297528B98EEA00980BF1 /* Resources */,
			);
			buildRules = (
			);
			dependencies = (
				11D4297928B98EEA00980BF1 /* PBXTargetDependency */,
			);
			name = Prework2Tests;
			productName = Prework2Tests;
			productReference = 11D4297728B98EEA00980BF1 /* Prework2Tests.xctest */;
			productType = "com.apple.product-type.bundle.unit-test";
		};
		11D4298028B98EEA00980BF1 /* Prework2UITests */ = {
			isa = PBXNativeTarget;
			buildConfigurationList = 11D4299128B98EEA00980BF1 /* Build configuration list for PBXNativeTarget "Prework2UITests" */;
			buildPhases = (
				11D4297D28B98EEA00980BF1 /* Sources */,
				11D4297E28B98EEA00980BF1 /* Frameworks */,
				11D4297F28B98EEA00980BF1 /* Resources */,
			);
			buildRules = (
			);
			dependencies = (
				11D4298328B98EEA00980BF1 /* PBXTargetDependency */,
			);
			name = Prework2UITests;
			productName = Prework2UITests;
			productReference = 11D4298128B98EEA00980BF1 /* Prework2UITests.xctest */;
			productType = "com.apple.product-type.bundle.ui-testing";
		};
/* End PBXNativeTarget section */

/* Begin PBXProject section */
		11D4295928B98EE600980BF1 /* Project object */ = {
			isa = PBXProject;
			attributes = {
				BuildIndependentTargetsInParallel = 1;
				LastSwiftUpdateCheck = 1340;
				LastUpgradeCheck = 1340;
				TargetAttributes = {
					11D4296028B98EE600980BF1 = {
						CreatedOnToolsVersion = 13.4.1;
					};
					11D4297628B98EEA00980BF1 = {
						CreatedOnToolsVersion = 13.4.1;
						TestTargetID = 11D4296028B98EE600980BF1;
					};
					11D4298028B98EEA00980BF1 = {
						CreatedOnToolsVersion = 13.4.1;
						TestTargetID = 11D4296028B98EE600980BF1;
					};
				};
			};
			buildConfigurationList = 11D4295C28B98EE600980BF1 /* Build configuration list for PBXProject "Prework2" */;
			compatibilityVersion = "Xcode 13.0";
			developmentRegion = en;
			hasScannedForEncodings = 0;
			knownRegions = (
				en,
				Base,
			);
			mainGroup = 11D4295828B98EE600980BF1;
			productRefGroup = 11D4296228B98EE600980BF1 /* Products */;
			projectDirPath = "";
			projectRoot = "";
			targets = (
				11D4296028B98EE600980BF1 /* Prework2 */,
				11D4297628B98EEA00980BF1 /* Prework2Tests */,
				11D4298028B98EEA00980BF1 /* Prework2UITests */,
			);
		};
/* End PBXProject section */

/* Begin PBXResourcesBuildPhase section */
		11D4295F28B98EE600980BF1 /* Resources */ = {
			isa = PBXResourcesBuildPhase;
			buildActionMask = 2147483647;
			files = (
				11D4297128B98EEA00980BF1 /* LaunchScreen.storyboard in Resources */,
				11D4296E28B98EEA00980BF1 /* Assets.xcassets in Resources */,
				11D4296C28B98EE600980BF1 /* Main.storyboard in Resources */,
			);
			runOnlyForDeploymentPostprocessing = 0;
		};
		11D4297528B98EEA00980BF1 /* Resources */ = {
			isa = PBXResourcesBuildPhase;
			buildActionMask = 2147483647;
			files = (
			);
			runOnlyForDeploymentPostprocessing = 0;
		};
		11D4297F28B98EEA00980BF1 /* Resources */ = {
			isa = PBXResourcesBuildPhase;
			buildActionMask = 2147483647;
			files = (
			);
			runOnlyForDeploymentPostprocessing = 0;
		};
/* End PBXResourcesBuildPhase section */

/* Begin PBXSourcesBuildPhase section */
		11D4295D28B98EE600980BF1 /* Sources */ = {
			isa = PBXSourcesBuildPhase;
			buildActionMask = 2147483647;
			files = (
				11D4296928B98EE600980BF1 /* ViewController.swift in Sources */,
				11D4296528B98EE600980BF1 /* AppDelegate.swift in Sources */,
				11D4296728B98EE600980BF1 /* SceneDelegate.swift in Sources */,
			);
			runOnlyForDeploymentPostprocessing = 0;
		};
		11D4297328B98EEA00980BF1 /* Sources */ = {
			isa = PBXSourcesBuildPhase;
			buildActionMask = 2147483647;
			files = (
				11D4297C28B98EEA00980BF1 /* Prework2Tests.swift in Sources */,
			);
			runOnlyForDeploymentPostprocessing = 0;
		};
		11D4297D28B98EEA00980BF1 /* Sources */ = {
			isa = PBXSourcesBuildPhase;
			buildActionMask = 2147483647;
			files = (
				11D4298828B98EEA00980BF1 /* Prework2UITestsLaunchTests.swift in Sources */,
				11D4298628B98EEA00980BF1 /* Prework2UITests.swift in Sources */,
			);
			runOnlyForDeploymentPostprocessing = 0;
		};
/* End PBXSourcesBuildPhase section */

/* Begin PBXTargetDependency section */
		11D4297928B98EEA00980BF1 /* PBXTargetDependency */ = {
			isa = PBXTargetDependency;
			target = 11D4296028B98EE600980BF1 /* Prework2 */;
			targetProxy = 11D4297828B98EEA00980BF1 /* PBXContainerItemProxy */;
		};
		11D4298328B98EEA00980BF1 /* PBXTargetDependency */ = {
			isa = PBXTargetDependency;
			target = 11D4296028B98EE600980BF1 /* Prework2 */;
			targetProxy = 11D4298228B98EEA00980BF1 /* PBXContainerItemProxy */;
		};
/* End PBXTargetDependency section */

/* Begin PBXVariantGroup section */
		11D4296A28B98EE600980BF1 /* Main.storyboard */ = {
			isa = PBXVariantGroup;
			children = (
				11D4296B28B98EE600980BF1 /* Base */,
			);
			name = Main.storyboard;
			sourceTree = "<group>";
		};
		11D4296F28B98EEA00980BF1 /* LaunchScreen.storyboard */ = {
			isa = PBXVariantGroup;
			children = (
				11D4297028B98EEA00980BF1 /* Base */,
			);
			name = LaunchScreen.storyboard;
			sourceTree = "<group>";
		};
/* End PBXVariantGroup section */

/* Begin XCBuildConfiguration section */
		11D4298928B98EEA00980BF1 /* Debug */ = {
			isa = XCBuildConfiguration;
			buildSettings = {
				ALWAYS_SEARCH_USER_PATHS = NO;
				CLANG_ANALYZER_NONNULL = YES;
				CLANG_ANALYZER_NUMBER_OBJECT_CONVERSION = YES_AGGRESSIVE;
				CLANG_CXX_LANGUAGE_STANDARD = "gnu++17";
				CLANG_ENABLE_MODULES = YES;
				CLANG_ENABLE_OBJC_ARC = YES;
				CLANG_ENABLE_OBJC_WEAK = YES;
				CLANG_WARN_BLOCK_CAPTURE_AUTORELEASING = YES;
				CLANG_WARN_BOOL_CONVERSION = YES;
				CLANG_WARN_COMMA = YES;
				CLANG_WARN_CONSTANT_CONVERSION = YES;
				CLANG_WARN_DEPRECATED_OBJC_IMPLEMENTATIONS = YES;
				CLANG_WARN_DIRECT_OBJC_ISA_USAGE = YES_ERROR;
				CLANG_WARN_DOCUMENTATION_COMMENTS = YES;
				CLANG_WARN_EMPTY_BODY = YES;
				CLANG_WARN_ENUM_CONVERSION = YES;
				CLANG_WARN_INFINITE_RECURSION = YES;
				CLANG_WARN_INT_CONVERSION = YES;
				CLANG_WARN_NON_LITERAL_NULL_CONVERSION = YES;
				CLANG_WARN_OBJC_IMPLICIT_RETAIN_SELF = YES;
				CLANG_WARN_OBJC_LITERAL_CONVERSION = YES;
				CLANG_WARN_OBJC_ROOT_CLASS = YES_ERROR;
				CLANG_WARN_QUOTED_INCLUDE_IN_FRAMEWORK_HEADER = YES;
				CLANG_WARN_RANGE_LOOP_ANALYSIS = YES;
				CLANG_WARN_STRICT_PROTOTYPES = YES;
				CLANG_WARN_SUSPICIOUS_MOVE = YES;
				CLANG_WARN_UNGUARDED_AVAILABILITY = YES_AGGRESSIVE;
				CLANG_WARN_UNREACHABLE_CODE = YES;
				CLANG_WARN__DUPLICATE_METHOD_MATCH = YES;
				COPY_PHASE_STRIP = NO;
				DEBUG_INFORMATION_FORMAT = dwarf;
				ENABLE_STRICT_OBJC_MSGSEND = YES;
				ENABLE_TESTABILITY = YES;
				GCC_C_LANGUAGE_STANDARD = gnu11;
				GCC_DYNAMIC_NO_PIC = NO;
				GCC_NO_COMMON_BLOCKS = YES;
				GCC_OPTIMIZATION_LEVEL = 0;
				GCC_PREPROCESSOR_DEFINITIONS = (
					"DEBUG=1",
					"$(inherited)",
				);
				GCC_WARN_64_TO_32_BIT_CONVERSION = YES;
				GCC_WARN_ABOUT_RETURN_TYPE = YES_ERROR;
				GCC_WARN_UNDECLARED_SELECTOR = YES;
				GCC_WARN_UNINITIALIZED_AUTOS = YES_AGGRESSIVE;
				GCC_WARN_UNUSED_FUNCTION = YES;
				GCC_WARN_UNUSED_VARIABLE = YES;
				IPHONEOS_DEPLOYMENT_TARGET = 15.5;
				MTL_ENABLE_DEBUG_INFO = INCLUDE_SOURCE;
				MTL_FAST_MATH = YES;
				ONLY_ACTIVE_ARCH = YES;
				SDKROOT = iphoneos;
				SWIFT_ACTIVE_COMPILATION_CONDITIONS = DEBUG;
				SWIFT_OPTIMIZATION_LEVEL = "-Onone";
			};
			name = Debug;
		};
		11D4298A28B98EEA00980BF1 /* Release */ = {
			isa = XCBuildConfiguration;
			buildSettings = {
				ALWAYS_SEARCH_USER_PATHS = NO;
				CLANG_ANALYZER_NONNULL = YES;
				CLANG_ANALYZER_NUMBER_OBJECT_CONVERSION = YES_AGGRESSIVE;
				CLANG_CXX_LANGUAGE_STANDARD = "gnu++17";
				CLANG_ENABLE_MODULES = YES;
				CLANG_ENABLE_OBJC_ARC = YES;
				CLANG_ENABLE_OBJC_WEAK = YES;
				CLANG_WARN_BLOCK_CAPTURE_AUTORELEASING = YES;
				CLANG_WARN_BOOL_CONVERSION = YES;
				CLANG_WARN_COMMA = YES;
				CLANG_WARN_CONSTANT_CONVERSION = YES;
				CLANG_WARN_DEPRECATED_OBJC_IMPLEMENTATIONS = YES;
				CLANG_WARN_DIRECT_OBJC_ISA_USAGE = YES_ERROR;
				CLANG_WARN_DOCUMENTATION_COMMENTS = YES;
				CLANG_WARN_EMPTY_BODY = YES;
				CLANG_WARN_ENUM_CONVERSION = YES;
				CLANG_WARN_INFINITE_RECURSION = YES;
				CLANG_WARN_INT_CONVERSION = YES;
				CLANG_WARN_NON_LITERAL_NULL_CONVERSION = YES;
				CLANG_WARN_OBJC_IMPLICIT_RETAIN_SELF = YES;
				CLANG_WARN_OBJC_LITERAL_CONVERSION = YES;
				CLANG_WARN_OBJC_ROOT_CLASS = YES_ERROR;
				CLANG_WARN_QUOTED_INCLUDE_IN_FRAMEWORK_HEADER = YES;
				CLANG_WARN_RANGE_LOOP_ANALYSIS = YES;
				CLANG_WARN_STRICT_PROTOTYPES = YES;
				CLANG_WARN_SUSPICIOUS_MOVE = YES;
				CLANG_WARN_UNGUARDED_AVAILABILITY = YES_AGGRESSIVE;
				CLANG_WARN_UNREACHABLE_CODE = YES;
				CLANG_WARN__DUPLICATE_METHOD_MATCH = YES;
				COPY_PHASE_STRIP = NO;
				DEBUG_INFORMATION_FORMAT = "dwarf-with-dsym";
				ENABLE_NS_ASSERTIONS = NO;
				ENABLE_STRICT_OBJC_MSGSEND = YES;
				GCC_C_LANGUAGE_STANDARD = gnu11;
				GCC_NO_COMMON_BLOCKS = YES;
				GCC_WARN_64_TO_32_BIT_CONVERSION = YES;
				GCC_WARN_ABOUT_RETURN_TYPE = YES_ERROR;
				GCC_WARN_UNDECLARED_SELECTOR = YES;
				GCC_WARN_UNINITIALIZED_AUTOS = YES_AGGRESSIVE;
				GCC_WARN_UNUSED_FUNCTION = YES;
				GCC_WARN_UNUSED_VARIABLE = YES;
				IPHONEOS_DEPLOYMENT_TARGET = 15.5;
				MTL_ENABLE_DEBUG_INFO = NO;
				MTL_FAST_MATH = YES;
				SDKROOT = iphoneos;
				SWIFT_COMPILATION_MODE = wholemodule;
				SWIFT_OPTIMIZATION_LEVEL = "-O";
				VALIDATE_PRODUCT = YES;
			};
			name = Release;
		};
		11D4298C28B98EEA00980BF1 /* Debug */ = {
			isa = XCBuildConfiguration;
			buildSettings = {
				ASSETCATALOG_COMPILER_APPICON_NAME = AppIcon;
				ASSETCATALOG_COMPILER_GLOBAL_ACCENT_COLOR_NAME = AccentColor;
				CODE_SIGN_STYLE = Automatic;
				CURRENT_PROJECT_VERSION = 1;
				GENERATE_INFOPLIST_FILE = YES;
				INFOPLIST_FILE = Prework2/Info.plist;
				INFOPLIST_KEY_UIApplicationSupportsIndirectInputEvents = YES;
				INFOPLIST_KEY_UILaunchStoryboardName = LaunchScreen;
				INFOPLIST_KEY_UIMainStoryboardFile = Main;
				INFOPLIST_KEY_UISupportedInterfaceOrientations_iPad = "UIInterfaceOrientationPortrait UIInterfaceOrientationPortraitUpsideDown UIInterfaceOrientationLandscapeLeft UIInterfaceOrientationLandscapeRight";
				INFOPLIST_KEY_UISupportedInterfaceOrientations_iPhone = "UIInterfaceOrientationPortrait UIInterfaceOrientationLandscapeLeft UIInterfaceOrientationLandscapeRight";
				LD_RUNPATH_SEARCH_PATHS = (
					"$(inherited)",
					"@executable_path/Frameworks",
				);
				MARKETING_VERSION = 1.0;
				PRODUCT_BUNDLE_IDENTIFIER = codepath1.Prework2;
				PRODUCT_NAME = "$(TARGET_NAME)";
				SWIFT_EMIT_LOC_STRINGS = YES;
				SWIFT_VERSION = 5.0;
				TARGETED_DEVICE_FAMILY = "1,2";
			};
			name = Debug;
		};
		11D4298D28B98EEA00980BF1 /* Release */ = {
			isa = XCBuildConfiguration;
			buildSettings = {
				ASSETCATALOG_COMPILER_APPICON_NAME = AppIcon;
				ASSETCATALOG_COMPILER_GLOBAL_ACCENT_COLOR_NAME = AccentColor;
				CODE_SIGN_STYLE = Automatic;
				CURRENT_PROJECT_VERSION = 1;
				GENERATE_INFOPLIST_FILE = YES;
				INFOPLIST_FILE = Prework2/Info.plist;
				INFOPLIST_KEY_UIApplicationSupportsIndirectInputEvents = YES;
				INFOPLIST_KEY_UILaunchStoryboardName = LaunchScreen;
				INFOPLIST_KEY_UIMainStoryboardFile = Main;
				INFOPLIST_KEY_UISupportedInterfaceOrientations_iPad = "UIInterfaceOrientationPortrait UIInterfaceOrientationPortraitUpsideDown UIInterfaceOrientationLandscapeLeft UIInterfaceOrientationLandscapeRight";
				INFOPLIST_KEY_UISupportedInterfaceOrientations_iPhone = "UIInterfaceOrientationPortrait UIInterfaceOrientationLandscapeLeft UIInterfaceOrientationLandscapeRight";
				LD_RUNPATH_SEARCH_PATHS = (
					"$(inherited)",
					"@executable_path/Frameworks",
				);
				MARKETING_VERSION = 1.0;
				PRODUCT_BUNDLE_IDENTIFIER = codepath1.Prework2;
				PRODUCT_NAME = "$(TARGET_NAME)";
				SWIFT_EMIT_LOC_STRINGS = YES;
				SWIFT_VERSION = 5.0;
				TARGETED_DEVICE_FAMILY = "1,2";
			};
			name = Release;
		};
		11D4298F28B98EEA00980BF1 /* Debug */ = {
			isa = XCBuildConfiguration;
			buildSettings = {
				ALWAYS_EMBED_SWIFT_STANDARD_LIBRARIES = YES;
				BUNDLE_LOADER = "$(TEST_HOST)";
				CODE_SIGN_STYLE = Automatic;
				CURRENT_PROJECT_VERSION = 1;
				GENERATE_INFOPLIST_FILE = YES;
				IPHONEOS_DEPLOYMENT_TARGET = 15.5;
				MARKETING_VERSION = 1.0;
				PRODUCT_BUNDLE_IDENTIFIER = codepath1.Prework2Tests;
				PRODUCT_NAME = "$(TARGET_NAME)";
				SWIFT_EMIT_LOC_STRINGS = NO;
				SWIFT_VERSION = 5.0;
				TARGETED_DEVICE_FAMILY = "1,2";
				TEST_HOST = "$(BUILT_PRODUCTS_DIR)/Prework2.app/Prework2";
			};
			name = Debug;
		};
		11D4299028B98EEA00980BF1 /* Release */ = {
			isa = XCBuildConfiguration;
			buildSettings = {
				ALWAYS_EMBED_SWIFT_STANDARD_LIBRARIES = YES;
				BUNDLE_LOADER = "$(TEST_HOST)";
				CODE_SIGN_STYLE = Automatic;
				CURRENT_PROJECT_VERSION = 1;
				GENERATE_INFOPLIST_FILE = YES;
				IPHONEOS_DEPLOYMENT_TARGET = 15.5;
				MARKETING_VERSION = 1.0;
				PRODUCT_BUNDLE_IDENTIFIER = codepath1.Prework2Tests;
				PRODUCT_NAME = "$(TARGET_NAME)";
				SWIFT_EMIT_LOC_STRINGS = NO;
				SWIFT_VERSION = 5.0;
				TARGETED_DEVICE_FAMILY = "1,2";
				TEST_HOST = "$(BUILT_PRODUCTS_DIR)/Prework2.app/Prework2";
			};
			name = Release;
		};
		11D4299228B98EEA00980BF1 /* Debug */ = {
			isa = XCBuildConfiguration;
			buildSettings = {
				ALWAYS_EMBED_SWIFT_STANDARD_LIBRARIES = YES;
				CODE_SIGN_STYLE = Automatic;
				CURRENT_PROJECT_VERSION = 1;
				GENERATE_INFOPLIST_FILE = YES;
				MARKETING_VERSION = 1.0;
				PRODUCT_BUNDLE_IDENTIFIER = codepath1.Prework2UITests;
				PRODUCT_NAME = "$(TARGET_NAME)";
				SWIFT_EMIT_LOC_STRINGS = NO;
				SWIFT_VERSION = 5.0;
				TARGETED_DEVICE_FAMILY = "1,2";
				TEST_TARGET_NAME = Prework2;
			};
			name = Debug;
		};
		11D4299328B98EEA00980BF1 /* Release */ = {
			isa = XCBuildConfiguration;
			buildSettings = {
				ALWAYS_EMBED_SWIFT_STANDARD_LIBRARIES = YES;
				CODE_SIGN_STYLE = Automatic;
				CURRENT_PROJECT_VERSION = 1;
				GENERATE_INFOPLIST_FILE = YES;
				MARKETING_VERSION = 1.0;
				PRODUCT_BUNDLE_IDENTIFIER = codepath1.Prework2UITests;
				PRODUCT_NAME = "$(TARGET_NAME)";
				SWIFT_EMIT_LOC_STRINGS = NO;
				SWIFT_VERSION = 5.0;
				TARGETED_DEVICE_FAMILY = "1,2";
				TEST_TARGET_NAME = Prework2;
			};
			name = Release;
		};
/* End XCBuildConfiguration section */

/* Begin XCConfigurationList section */
		11D4295C28B98EE600980BF1 /* Build configuration list for PBXProject "Prework2" */ = {
			isa = XCConfigurationList;
			buildConfigurations = (
				11D4298928B98EEA00980BF1 /* Debug */,
				11D4298A28B98EEA00980BF1 /* Release */,
			);
			defaultConfigurationIsVisible = 0;
			defaultConfigurationName = Release;
		};
		11D4298B28B98EEA00980BF1 /* Build configuration list for PBXNativeTarget "Prework2" */ = {
			isa = XCConfigurationList;
			buildConfigurations = (
				11D4298C28B98EEA00980BF1 /* Debug */,
				11D4298D28B98EEA00980BF1 /* Release */,
			);
			defaultConfigurationIsVisible = 0;
			defaultConfigurationName = Release;
		};
		11D4298E28B98EEA00980BF1 /* Build configuration list for PBXNativeTarget "Prework2Tests" */ = {
			isa = XCConfigurationList;
			buildConfigurations = (
				11D4298F28B98EEA00980BF1 /* Debug */,
				11D4299028B98EEA00980BF1 /* Release */,
			);
			defaultConfigurationIsVisible = 0;
			defaultConfigurationName = Release;
		};
		11D4299128B98EEA00980BF1 /* Build configuration list for PBXNativeTarget "Prework2UITests" */ = {
			isa = XCConfigurationList;
			buildConfigurations = (
				11D4299228B98EEA00980BF1 /* Debug */,
				11D4299328B98EEA00980BF1 /* Release */,
			);
			defaultConfigurationIsVisible = 0;
			defaultConfigurationName = Release;
		};
/* End XCConfigurationList section */
	};
	rootObject = 11D4295928B98EE600980BF1 /* Project object */;
}
